
Microsoft Visual Studio Solution File, Format Version 12.00
# Visual Studio Version 16
VisualStudioVersion = 16.0.30611.23
MinimumVisualStudioVersion = 10.0.40219.1
Project("{FAE04EC0-301F-11D3-BF4B-00C04F79EFBC}") = "ConsoleApp2", "ConsoleApp2.csproj", "{047B789C-1698-4D5A-953B-F55C878D32E8}"
EndProject
Global
	GlobalSection(SolutionConfigurationPlatforms) = preSolution
		Debug|Any CPU = Debug|Any CPU
		Release|Any CPU = Release|Any CPU
	EndGlobalSection
	GlobalSection(ProjectConfigurationPlatforms) = postSolution
		{047B789C-1698-4D5A-953B-F55C878D32E8}.Debug|Any CPU.ActiveCfg = Debug|Any CPU
		{047B789C-1698-4D5A-953B-F55C878D32E8}.Debug|Any CPU.Build.0 = Debug|Any CPU
		{047B789C-1698-4D5A-953B-F55C878D32E8}.Release|Any CPU.ActiveCfg = Release|Any CPU
		{047B789C-1698-4D5A-953B-F55C878D32E8}.Release|Any CPU.Build.0 = Release|Any CPU
	EndGlobalSection
	GlobalSection(SolutionProperties) = preSolution
		HideSolutionNode = FALSE
	EndGlobalSection
	GlobalSection(ExtensibilityGlobals) = postSolution
		SolutionGuid = {31A86CBF-23AC-4232-AA99-92ECCA2B28A8}
	EndGlobalSection
EndGlobal
