
Microsoft Visual Studio Solution File, Format Version 12.00
# Visual Studio Version 16
VisualStudioVersion = 16.0.30611.23
MinimumVisualStudioVersion = 10.0.40219.1
Project("{FAE04EC0-301F-11D3-BF4B-00C04F79EFBC}") = "EventsHomework", "EventsHomework.csproj", "{F9592130-AC5D-42A4-A5C9-65F2A8C02BAA}"
EndProject
Global
	GlobalSection(SolutionConfigurationPlatforms) = preSolution
		Debug|Any CPU = Debug|Any CPU
		Release|Any CPU = Release|Any CPU
	EndGlobalSection
	GlobalSection(ProjectConfigurationPlatforms) = postSolution
		{F9592130-AC5D-42A4-A5C9-65F2A8C02BAA}.Debug|Any CPU.ActiveCfg = Debug|Any CPU
		{F9592130-AC5D-42A4-A5C9-65F2A8C02BAA}.Debug|Any CPU.Build.0 = Debug|Any CPU
		{F9592130-AC5D-42A4-A5C9-65F2A8C02BAA}.Release|Any CPU.ActiveCfg = Release|Any CPU
		{F9592130-AC5D-42A4-A5C9-65F2A8C02BAA}.Release|Any CPU.Build.0 = Release|Any CPU
	EndGlobalSection
	GlobalSection(SolutionProperties) = preSolution
		HideSolutionNode = FALSE
	EndGlobalSection
	GlobalSection(ExtensibilityGlobals) = postSolution
		SolutionGuid = {5601F008-8AFB-4B4F-BA82-A902B4F5444C}
	EndGlobalSection
EndGlobal
